// !$*UTF8*$!
{
	archiveVersion = 1;
	classes = {
	};
	objectVersion = 46;
	objects = {

/* Begin PBXBuildFile section */
		27264138B3BB5F7E861DD3F9 /* libPods.a in Frameworks */ = {isa = PBXBuildFile; fileRef = 31B19D24ED1F868659A64181 /* libPods.a */; };
		D82B19BB1D3E05FF00BD9652 /* UITabBarController+ShowHideBar.m in Sources */ = {isa = PBXBuildFile; fileRef = D82B19BA1D3E05FF00BD9652 /* UITabBarController+ShowHideBar.m */; };
		D82B19BD1D3E08AE00BD9652 /* Reveal.framework in Frameworks */ = {isa = PBXBuildFile; fileRef = D82B19BC1D3E08AE00BD9652 /* Reveal.framework */; };
		D82B19C01D3E10E300BD9652 /* QCNewAnchor.m in Sources */ = {isa = PBXBuildFile; fileRef = D82B19BF1D3E10E300BD9652 /* QCNewAnchor.m */; };
		D82B19C31D3E135100BD9652 /* QCNewAnchorCell.m in Sources */ = {isa = PBXBuildFile; fileRef = D82B19C21D3E135100BD9652 /* QCNewAnchorCell.m */; };
		D83CA99F1D363F50000E718D /* QCAnchor.m in Sources */ = {isa = PBXBuildFile; fileRef = D83CA99E1D363F50000E718D /* QCAnchor.m */; };
		D83CA9A21D36451A000E718D /* QCHomeAnchorCell.m in Sources */ = {isa = PBXBuildFile; fileRef = D83CA9A11D36451A000E718D /* QCHomeAnchorCell.m */; };
		D86AB0231D37238900124DC9 /* Assets.xcassets in Resources */ = {isa = PBXBuildFile; fileRef = D86AB0221D37238900124DC9 /* Assets.xcassets */; };
		D86AB0251D3723FD00124DC9 /* Launch Screen.storyboard in Resources */ = {isa = PBXBuildFile; fileRef = D86AB0241D3723FD00124DC9 /* Launch Screen.storyboard */; };
		D86AB0291D372E8500124DC9 /* QCWatchLiveViewController.m in Sources */ = {isa = PBXBuildFile; fileRef = D86AB0281D372E8500124DC9 /* QCWatchLiveViewController.m */; };
		D86AB02C1D372E9300124DC9 /* QCViewController.m in Sources */ = {isa = PBXBuildFile; fileRef = D86AB02B1D372E9300124DC9 /* QCViewController.m */; };
		D86AB02E1D372EFD00124DC9 /* IJKMediaFramework.framework in Frameworks */ = {isa = PBXBuildFile; fileRef = D86AB02D1D372EFD00124DC9 /* IJKMediaFramework.framework */; };
		D8813FEA1D3628D300BD35E7 /* main.m in Sources */ = {isa = PBXBuildFile; fileRef = D8813FE91D3628D300BD35E7 /* main.m */; };
		D8813FED1D3628D300BD35E7 /* AppDelegate.m in Sources */ = {isa = PBXBuildFile; fileRef = D8813FEC1D3628D300BD35E7 /* AppDelegate.m */; };
		D88140031D3628D300BD35E7 /* QCMiaoBoTests.m in Sources */ = {isa = PBXBuildFile; fileRef = D88140021D3628D300BD35E7 /* QCMiaoBoTests.m */; };
		D881400E1D3628D300BD35E7 /* QCMiaoBoUITests.m in Sources */ = {isa = PBXBuildFile; fileRef = D881400D1D3628D300BD35E7 /* QCMiaoBoUITests.m */; };
		D881403E1D362C1000BD35E7 /* QCTabBarController.m in Sources */ = {isa = PBXBuildFile; fileRef = D881403D1D362C1000BD35E7 /* QCTabBarController.m */; };
		D88140411D362C2300BD35E7 /* QCNavigationController.m in Sources */ = {isa = PBXBuildFile; fileRef = D88140401D362C2300BD35E7 /* QCNavigationController.m */; };
		D88140441D362DD800BD35E7 /* QCHomeViewController.m in Sources */ = {isa = PBXBuildFile; fileRef = D88140431D362DD800BD35E7 /* QCHomeViewController.m */; };
		D88140471D362DE700BD35E7 /* QCLiveVIewController.m in Sources */ = {isa = PBXBuildFile; fileRef = D88140461D362DE700BD35E7 /* QCLiveVIewController.m */; };
		D881404A1D362DFC00BD35E7 /* QCMineViewController.m in Sources */ = {isa = PBXBuildFile; fileRef = D88140491D362DFC00BD35E7 /* QCMineViewController.m */; };
		D88140721D36359400BD35E7 /* MBProgressHUD+Add.m in Sources */ = {isa = PBXBuildFile; fileRef = D88140711D36359400BD35E7 /* MBProgressHUD+Add.m */; };
		D881407E1D363C4E00BD35E7 /* MHAsiNetworkHandler.m in Sources */ = {isa = PBXBuildFile; fileRef = D88140771D363C4E00BD35E7 /* MHAsiNetworkHandler.m */; };
		D881407F1D363C4E00BD35E7 /* MHAsiNetworkItem.m in Sources */ = {isa = PBXBuildFile; fileRef = D88140791D363C4E00BD35E7 /* MHAsiNetworkItem.m */; };
		D88140801D363C4E00BD35E7 /* MHNetworkManager.m in Sources */ = {isa = PBXBuildFile; fileRef = D881407C1D363C4E00BD35E7 /* MHNetworkManager.m */; };
		D88140821D363DF300BD35E7 /* Log.m in Sources */ = {isa = PBXBuildFile; fileRef = D88140811D363DF300BD35E7 /* Log.m */; };
		D8854D971D3CC406003F7C2B /* QCTools.m in Sources */ = {isa = PBXBuildFile; fileRef = D8854D961D3CC406003F7C2B /* QCTools.m */; };
		D8854D9A1D3CC5D9003F7C2B /* UIView+Extend.m in Sources */ = {isa = PBXBuildFile; fileRef = D8854D991D3CC5D9003F7C2B /* UIView+Extend.m */; };
		D8854D9D1D3CD0EA003F7C2B /* QCHotViewController.m in Sources */ = {isa = PBXBuildFile; fileRef = D8854D9C1D3CD0EA003F7C2B /* QCHotViewController.m */; };
		D8854DA01D3CD19E003F7C2B /* QCSliderView.m in Sources */ = {isa = PBXBuildFile; fileRef = D8854D9F1D3CD19E003F7C2B /* QCSliderView.m */; };
		D8854DA31D3CD845003F7C2B /* QCNewViewController.m in Sources */ = {isa = PBXBuildFile; fileRef = D8854DA21D3CD845003F7C2B /* QCNewViewController.m */; };
		D8854DA61D3CD85B003F7C2B /* QCFollowViewController.m in Sources */ = {isa = PBXBuildFile; fileRef = D8854DA51D3CD85B003F7C2B /* QCFollowViewController.m */; };
		D89146071D3DE12D002C8455 /* QCAd.m in Sources */ = {isa = PBXBuildFile; fileRef = D89146061D3DE12D002C8455 /* QCAd.m */; };
		D891460D1D3DE733002C8455 /* QCWebViewController.m in Sources */ = {isa = PBXBuildFile; fileRef = D891460C1D3DE733002C8455 /* QCWebViewController.m */; };
/* End PBXBuildFile section */

/* Begin PBXContainerItemProxy section */
		D8813FFF1D3628D300BD35E7 /* PBXContainerItemProxy */ = {
			isa = PBXContainerItemProxy;
			containerPortal = D8813FDD1D3628D300BD35E7 /* Project object */;
			proxyType = 1;
			remoteGlobalIDString = D8813FE41D3628D300BD35E7;
			remoteInfo = QCMiaoBo;
		};
		D881400A1D3628D300BD35E7 /* PBXContainerItemProxy */ = {
			isa = PBXContainerItemProxy;
			containerPortal = D8813FDD1D3628D300BD35E7 /* Project object */;
			proxyType = 1;
			remoteGlobalIDString = D8813FE41D3628D300BD35E7;
			remoteInfo = QCMiaoBo;
		};
/* End PBXContainerItemProxy section */

/* Begin PBXFileReference section */
		31B19D24ED1F868659A64181 /* libPods.a */ = {isa = PBXFileReference; explicitFileType = archive.ar; includeInIndex = 0; path = libPods.a; sourceTree = BUILT_PRODUCTS_DIR; };
		7CC8BBD6D901FA70D4BA0DF4 /* Pods.debug.xcconfig */ = {isa = PBXFileReference; includeInIndex = 1; lastKnownFileType = text.xcconfig; name = Pods.debug.xcconfig; path = "Pods/Target Support Files/Pods/Pods.debug.xcconfig"; sourceTree = "<group>"; };
		A0023310D7E8A68C0539B817 /* Pods.release.xcconfig */ = {isa = PBXFileReference; includeInIndex = 1; lastKnownFileType = text.xcconfig; name = Pods.release.xcconfig; path = "Pods/Target Support Files/Pods/Pods.release.xcconfig"; sourceTree = "<group>"; };
		D82B19B91D3E05FF00BD9652 /* UITabBarController+ShowHideBar.h */ = {isa = PBXFileReference; fileEncoding = 4; lastKnownFileType = sourcecode.c.h; path = "UITabBarController+ShowHideBar.h"; sourceTree = "<group>"; };
		D82B19BA1D3E05FF00BD9652 /* UITabBarController+ShowHideBar.m */ = {isa = PBXFileReference; fileEncoding = 4; lastKnownFileType = sourcecode.c.objc; path = "UITabBarController+ShowHideBar.m"; sourceTree = "<group>"; };
		D82B19BC1D3E08AE00BD9652 /* Reveal.framework */ = {isa = PBXFileReference; lastKnownFileType = wrapper.framework; path = Reveal.framework; sourceTree = "<group>"; };
		D82B19BE1D3E10E300BD9652 /* QCNewAnchor.h */ = {isa = PBXFileReference; fileEncoding = 4; lastKnownFileType = sourcecode.c.h; path = QCNewAnchor.h; sourceTree = "<group>"; };
		D82B19BF1D3E10E300BD9652 /* QCNewAnchor.m */ = {isa = PBXFileReference; fileEncoding = 4; lastKnownFileType = sourcecode.c.objc; path = QCNewAnchor.m; sourceTree = "<group>"; };
		D82B19C11D3E135100BD9652 /* QCNewAnchorCell.h */ = {isa = PBXFileReference; fileEncoding = 4; lastKnownFileType = sourcecode.c.h; path = QCNewAnchorCell.h; sourceTree = "<group>"; };
		D82B19C21D3E135100BD9652 /* QCNewAnchorCell.m */ = {isa = PBXFileReference; fileEncoding = 4; lastKnownFileType = sourcecode.c.objc; path = QCNewAnchorCell.m; sourceTree = "<group>"; };
		D83CA99D1D363F50000E718D /* QCAnchor.h */ = {isa = PBXFileReference; fileEncoding = 4; lastKnownFileType = sourcecode.c.h; path = QCAnchor.h; sourceTree = "<group>"; };
		D83CA99E1D363F50000E718D /* QCAnchor.m */ = {isa = PBXFileReference; fileEncoding = 4; lastKnownFileType = sourcecode.c.objc; path = QCAnchor.m; sourceTree = "<group>"; };
		D83CA9A01D36451A000E718D /* QCHomeAnchorCell.h */ = {isa = PBXFileReference; fileEncoding = 4; lastKnownFileType = sourcecode.c.h; path = QCHomeAnchorCell.h; sourceTree = "<group>"; };
		D83CA9A11D36451A000E718D /* QCHomeAnchorCell.m */ = {isa = PBXFileReference; fileEncoding = 4; lastKnownFileType = sourcecode.c.objc; path = QCHomeAnchorCell.m; sourceTree = "<group>"; };
		D86AB0221D37238900124DC9 /* Assets.xcassets */ = {isa = PBXFileReference; lastKnownFileType = folder.assetcatalog; path = Assets.xcassets; sourceTree = "<group>"; };
		D86AB0241D3723FD00124DC9 /* Launch Screen.storyboard */ = {isa = PBXFileReference; fileEncoding = 4; lastKnownFileType = file.storyboard; path = "Launch Screen.storyboard"; sourceTree = "<group>"; };
		D86AB0261D3729A900124DC9 /* QCUtilsMacro.h */ = {isa = PBXFileReference; lastKnownFileType = sourcecode.c.h; path = QCUtilsMacro.h; sourceTree = "<group>"; };
		D86AB0271D372E8500124DC9 /* QCWatchLiveViewController.h */ = {isa = PBXFileReference; fileEncoding = 4; lastKnownFileType = sourcecode.c.h; path = QCWatchLiveViewController.h; sourceTree = "<group>"; };
		D86AB0281D372E8500124DC9 /* QCWatchLiveViewController.m */ = {isa = PBXFileReference; fileEncoding = 4; lastKnownFileType = sourcecode.c.objc; path = QCWatchLiveViewController.m; sourceTree = "<group>"; };
		D86AB02A1D372E9300124DC9 /* QCViewController.h */ = {isa = PBXFileReference; fileEncoding = 4; lastKnownFileType = sourcecode.c.h; path = QCViewController.h; sourceTree = "<group>"; };
		D86AB02B1D372E9300124DC9 /* QCViewController.m */ = {isa = PBXFileReference; fileEncoding = 4; lastKnownFileType = sourcecode.c.objc; path = QCViewController.m; sourceTree = "<group>"; };
		D86AB02D1D372EFD00124DC9 /* IJKMediaFramework.framework */ = {isa = PBXFileReference; lastKnownFileType = wrapper.framework; path = IJKMediaFramework.framework; sourceTree = "<group>"; };
		D8813FE51D3628D300BD35E7 /* QCMiaoBo.app */ = {isa = PBXFileReference; explicitFileType = wrapper.application; includeInIndex = 0; path = QCMiaoBo.app; sourceTree = BUILT_PRODUCTS_DIR; };
		D8813FE91D3628D300BD35E7 /* main.m */ = {isa = PBXFileReference; lastKnownFileType = sourcecode.c.objc; path = main.m; sourceTree = "<group>"; };
		D8813FEB1D3628D300BD35E7 /* AppDelegate.h */ = {isa = PBXFileReference; lastKnownFileType = sourcecode.c.h; path = AppDelegate.h; sourceTree = "<group>"; };
		D8813FEC1D3628D300BD35E7 /* AppDelegate.m */ = {isa = PBXFileReference; lastKnownFileType = sourcecode.c.objc; path = AppDelegate.m; sourceTree = "<group>"; };
		D8813FF91D3628D300BD35E7 /* Info.plist */ = {isa = PBXFileReference; lastKnownFileType = text.plist.xml; path = Info.plist; sourceTree = "<group>"; };
		D8813FFE1D3628D300BD35E7 /* QCMiaoBoTests.xctest */ = {isa = PBXFileReference; explicitFileType = wrapper.cfbundle; includeInIndex = 0; path = QCMiaoBoTests.xctest; sourceTree = BUILT_PRODUCTS_DIR; };
		D88140021D3628D300BD35E7 /* QCMiaoBoTests.m */ = {isa = PBXFileReference; lastKnownFileType = sourcecode.c.objc; path = QCMiaoBoTests.m; sourceTree = "<group>"; };
		D88140041D3628D300BD35E7 /* Info.plist */ = {isa = PBXFileReference; lastKnownFileType = text.plist.xml; path = Info.plist; sourceTree = "<group>"; };
		D88140091D3628D300BD35E7 /* QCMiaoBoUITests.xctest */ = {isa = PBXFileReference; explicitFileType = wrapper.cfbundle; includeInIndex = 0; path = QCMiaoBoUITests.xctest; sourceTree = BUILT_PRODUCTS_DIR; };
		D881400D1D3628D300BD35E7 /* QCMiaoBoUITests.m */ = {isa = PBXFileReference; lastKnownFileType = sourcecode.c.objc; path = QCMiaoBoUITests.m; sourceTree = "<group>"; };
		D881400F1D3628D300BD35E7 /* Info.plist */ = {isa = PBXFileReference; lastKnownFileType = text.plist.xml; path = Info.plist; sourceTree = "<group>"; };
		D881403C1D362C1000BD35E7 /* QCTabBarController.h */ = {isa = PBXFileReference; fileEncoding = 4; lastKnownFileType = sourcecode.c.h; path = QCTabBarController.h; sourceTree = "<group>"; };
		D881403D1D362C1000BD35E7 /* QCTabBarController.m */ = {isa = PBXFileReference; fileEncoding = 4; lastKnownFileType = sourcecode.c.objc; path = QCTabBarController.m; sourceTree = "<group>"; };
		D881403F1D362C2300BD35E7 /* QCNavigationController.h */ = {isa = PBXFileReference; fileEncoding = 4; lastKnownFileType = sourcecode.c.h; path = QCNavigationController.h; sourceTree = "<group>"; };
		D88140401D362C2300BD35E7 /* QCNavigationController.m */ = {isa = PBXFileReference; fileEncoding = 4; lastKnownFileType = sourcecode.c.objc; path = QCNavigationController.m; sourceTree = "<group>"; };
		D88140421D362DD800BD35E7 /* QCHomeViewController.h */ = {isa = PBXFileReference; fileEncoding = 4; lastKnownFileType = sourcecode.c.h; path = QCHomeViewController.h; sourceTree = "<group>"; };
		D88140431D362DD800BD35E7 /* QCHomeViewController.m */ = {isa = PBXFileReference; fileEncoding = 4; lastKnownFileType = sourcecode.c.objc; path = QCHomeViewController.m; sourceTree = "<group>"; };
		D88140451D362DE700BD35E7 /* QCLiveVIewController.h */ = {isa = PBXFileReference; fileEncoding = 4; lastKnownFileType = sourcecode.c.h; path = QCLiveVIewController.h; sourceTree = "<group>"; };
		D88140461D362DE700BD35E7 /* QCLiveVIewController.m */ = {isa = PBXFileReference; fileEncoding = 4; lastKnownFileType = sourcecode.c.objc; path = QCLiveVIewController.m; sourceTree = "<group>"; };
		D88140481D362DFC00BD35E7 /* QCMineViewController.h */ = {isa = PBXFileReference; fileEncoding = 4; lastKnownFileType = sourcecode.c.h; path = QCMineViewController.h; sourceTree = "<group>"; };
		D88140491D362DFC00BD35E7 /* QCMineViewController.m */ = {isa = PBXFileReference; fileEncoding = 4; lastKnownFileType = sourcecode.c.objc; path = QCMineViewController.m; sourceTree = "<group>"; };
		D88140701D36359400BD35E7 /* MBProgressHUD+Add.h */ = {isa = PBXFileReference; fileEncoding = 4; lastKnownFileType = sourcecode.c.h; path = "MBProgressHUD+Add.h"; sourceTree = "<group>"; };
		D88140711D36359400BD35E7 /* MBProgressHUD+Add.m */ = {isa = PBXFileReference; fileEncoding = 4; lastKnownFileType = sourcecode.c.objc; path = "MBProgressHUD+Add.m"; sourceTree = "<group>"; };
		D88140741D363C4E00BD35E7 /* MHAsiNetworkDefine.h */ = {isa = PBXFileReference; fileEncoding = 4; lastKnownFileType = sourcecode.c.h; path = MHAsiNetworkDefine.h; sourceTree = "<group>"; };
		D88140751D363C4E00BD35E7 /* MHAsiNetworkDelegate.h */ = {isa = PBXFileReference; fileEncoding = 4; lastKnownFileType = sourcecode.c.h; path = MHAsiNetworkDelegate.h; sourceTree = "<group>"; };
		D88140761D363C4E00BD35E7 /* MHAsiNetworkHandler.h */ = {isa = PBXFileReference; fileEncoding = 4; lastKnownFileType = sourcecode.c.h; path = MHAsiNetworkHandler.h; sourceTree = "<group>"; };
		D88140771D363C4E00BD35E7 /* MHAsiNetworkHandler.m */ = {isa = PBXFileReference; fileEncoding = 4; lastKnownFileType = sourcecode.c.objc; path = MHAsiNetworkHandler.m; sourceTree = "<group>"; };
		D88140781D363C4E00BD35E7 /* MHAsiNetworkItem.h */ = {isa = PBXFileReference; fileEncoding = 4; lastKnownFileType = sourcecode.c.h; path = MHAsiNetworkItem.h; sourceTree = "<group>"; };
		D88140791D363C4E00BD35E7 /* MHAsiNetworkItem.m */ = {isa = PBXFileReference; fileEncoding = 4; lastKnownFileType = sourcecode.c.objc; path = MHAsiNetworkItem.m; sourceTree = "<group>"; };
		D881407A1D363C4E00BD35E7 /* MHAsiNetworkUrl.h */ = {isa = PBXFileReference; fileEncoding = 4; lastKnownFileType = sourcecode.c.h; path = MHAsiNetworkUrl.h; sourceTree = "<group>"; };
		D881407B1D363C4E00BD35E7 /* MHNetworkManager.h */ = {isa = PBXFileReference; fileEncoding = 4; lastKnownFileType = sourcecode.c.h; path = MHNetworkManager.h; sourceTree = "<group>"; };
		D881407C1D363C4E00BD35E7 /* MHNetworkManager.m */ = {isa = PBXFileReference; fileEncoding = 4; lastKnownFileType = sourcecode.c.objc; path = MHNetworkManager.m; sourceTree = "<group>"; };
		D881407D1D363C4E00BD35E7 /* MHNetwrok.h */ = {isa = PBXFileReference; fileEncoding = 4; lastKnownFileType = sourcecode.c.h; path = MHNetwrok.h; sourceTree = "<group>"; };
		D88140811D363DF300BD35E7 /* Log.m */ = {isa = PBXFileReference; fileEncoding = 4; lastKnownFileType = sourcecode.c.objc; path = Log.m; sourceTree = "<group>"; };
		D8854D951D3CC406003F7C2B /* QCTools.h */ = {isa = PBXFileReference; fileEncoding = 4; lastKnownFileType = sourcecode.c.h; path = QCTools.h; sourceTree = "<group>"; };
		D8854D961D3CC406003F7C2B /* QCTools.m */ = {isa = PBXFileReference; fileEncoding = 4; lastKnownFileType = sourcecode.c.objc; path = QCTools.m; sourceTree = "<group>"; };
		D8854D981D3CC5D9003F7C2B /* UIView+Extend.h */ = {isa = PBXFileReference; fileEncoding = 4; lastKnownFileType = sourcecode.c.h; path = "UIView+Extend.h"; sourceTree = "<group>"; };
		D8854D991D3CC5D9003F7C2B /* UIView+Extend.m */ = {isa = PBXFileReference; fileEncoding = 4; lastKnownFileType = sourcecode.c.objc; path = "UIView+Extend.m"; sourceTree = "<group>"; };
		D8854D9B1D3CD0EA003F7C2B /* QCHotViewController.h */ = {isa = PBXFileReference; fileEncoding = 4; lastKnownFileType = sourcecode.c.h; path = QCHotViewController.h; sourceTree = "<group>"; };
		D8854D9C1D3CD0EA003F7C2B /* QCHotViewController.m */ = {isa = PBXFileReference; fileEncoding = 4; lastKnownFileType = sourcecode.c.objc; path = QCHotViewController.m; sourceTree = "<group>"; };
		D8854D9E1D3CD19E003F7C2B /* QCSliderView.h */ = {isa = PBXFileReference; fileEncoding = 4; lastKnownFileType = sourcecode.c.h; path = QCSliderView.h; sourceTree = "<group>"; };
		D8854D9F1D3CD19E003F7C2B /* QCSliderView.m */ = {isa = PBXFileReference; fileEncoding = 4; lastKnownFileType = sourcecode.c.objc; path = QCSliderView.m; sourceTree = "<group>"; };
		D8854DA11D3CD845003F7C2B /* QCNewViewController.h */ = {isa = PBXFileReference; fileEncoding = 4; lastKnownFileType = sourcecode.c.h; path = QCNewViewController.h; sourceTree = "<group>"; };
		D8854DA21D3CD845003F7C2B /* QCNewViewController.m */ = {isa = PBXFileReference; fileEncoding = 4; lastKnownFileType = sourcecode.c.objc; path = QCNewViewController.m; sourceTree = "<group>"; };
		D8854DA41D3CD85B003F7C2B /* QCFollowViewController.h */ = {isa = PBXFileReference; fileEncoding = 4; lastKnownFileType = sourcecode.c.h; path = QCFollowViewController.h; sourceTree = "<group>"; };
		D8854DA51D3CD85B003F7C2B /* QCFollowViewController.m */ = {isa = PBXFileReference; fileEncoding = 4; lastKnownFileType = sourcecode.c.objc; path = QCFollowViewController.m; sourceTree = "<group>"; };
		D89146051D3DE12D002C8455 /* QCAd.h */ = {isa = PBXFileReference; fileEncoding = 4; lastKnownFileType = sourcecode.c.h; path = QCAd.h; sourceTree = "<group>"; };
		D89146061D3DE12D002C8455 /* QCAd.m */ = {isa = PBXFileReference; fileEncoding = 4; lastKnownFileType = sourcecode.c.objc; path = QCAd.m; sourceTree = "<group>"; };
		D891460B1D3DE733002C8455 /* QCWebViewController.h */ = {isa = PBXFileReference; fileEncoding = 4; lastKnownFileType = sourcecode.c.h; path = QCWebViewController.h; sourceTree = "<group>"; };
		D891460C1D3DE733002C8455 /* QCWebViewController.m */ = {isa = PBXFileReference; fileEncoding = 4; lastKnownFileType = sourcecode.c.objc; path = QCWebViewController.m; sourceTree = "<group>"; };
/* End PBXFileReference section */

/* Begin PBXFrameworksBuildPhase section */
		D8813FE21D3628D300BD35E7 /* Frameworks */ = {
			isa = PBXFrameworksBuildPhase;
			buildActionMask = 2147483647;
			files = (
				D82B19BD1D3E08AE00BD9652 /* Reveal.framework in Frameworks */,
				27264138B3BB5F7E861DD3F9 /* libPods.a in Frameworks */,
				D86AB02E1D372EFD00124DC9 /* IJKMediaFramework.framework in Frameworks */,
			);
			runOnlyForDeploymentPostprocessing = 0;
		};
		D8813FFB1D3628D300BD35E7 /* Frameworks */ = {
			isa = PBXFrameworksBuildPhase;
			buildActionMask = 2147483647;
			files = (
			);
			runOnlyForDeploymentPostprocessing = 0;
		};
		D88140061D3628D300BD35E7 /* Frameworks */ = {
			isa = PBXFrameworksBuildPhase;
			buildActionMask = 2147483647;
			files = (
			);
			runOnlyForDeploymentPostprocessing = 0;
		};
/* End PBXFrameworksBuildPhase section */

/* Begin PBXGroup section */
		AD7EF02C2C7B4D28A75B399A /* Frameworks */ = {
			isa = PBXGroup;
			children = (
				D86AB02D1D372EFD00124DC9 /* IJKMediaFramework.framework */,
				31B19D24ED1F868659A64181 /* libPods.a */,
			);
			name = Frameworks;
			sourceTree = "<group>";
		};
		D8813FDC1D3628D300BD35E7 = {
			isa = PBXGroup;
			children = (
				D82B19BC1D3E08AE00BD9652 /* Reveal.framework */,
				D8813FE71D3628D300BD35E7 /* QCMiaoBo */,
				D88140011D3628D300BD35E7 /* QCMiaoBoTests */,
				D881400C1D3628D300BD35E7 /* QCMiaoBoUITests */,
				D8813FE61D3628D300BD35E7 /* Products */,
				FFDC7AB9A61F40CA37AFEB47 /* Pods */,
				AD7EF02C2C7B4D28A75B399A /* Frameworks */,
			);
			sourceTree = "<group>";
		};
		D8813FE61D3628D300BD35E7 /* Products */ = {
			isa = PBXGroup;
			children = (
				D8813FE51D3628D300BD35E7 /* QCMiaoBo.app */,
				D8813FFE1D3628D300BD35E7 /* QCMiaoBoTests.xctest */,
				D88140091D3628D300BD35E7 /* QCMiaoBoUITests.xctest */,
			);
			name = Products;
			sourceTree = "<group>";
		};
		D8813FE71D3628D300BD35E7 /* QCMiaoBo */ = {
			isa = PBXGroup;
			children = (
				D881402D1D362A2B00BD35E7 /* Classes */,
				D8813FEB1D3628D300BD35E7 /* AppDelegate.h */,
				D8813FEC1D3628D300BD35E7 /* AppDelegate.m */,
				D8813FF91D3628D300BD35E7 /* Info.plist */,
				D8813FE81D3628D300BD35E7 /* Supporting Files */,
			);
			path = QCMiaoBo;
			sourceTree = "<group>";
		};
		D8813FE81D3628D300BD35E7 /* Supporting Files */ = {
			isa = PBXGroup;
			children = (
				D86AB0221D37238900124DC9 /* Assets.xcassets */,
				D86AB0241D3723FD00124DC9 /* Launch Screen.storyboard */,
				D8813FE91D3628D300BD35E7 /* main.m */,
			);
			name = "Supporting Files";
			sourceTree = "<group>";
		};
		D88140011D3628D300BD35E7 /* QCMiaoBoTests */ = {
			isa = PBXGroup;
			children = (
				D88140021D3628D300BD35E7 /* QCMiaoBoTests.m */,
				D88140041D3628D300BD35E7 /* Info.plist */,
			);
			path = QCMiaoBoTests;
			sourceTree = "<group>";
		};
		D881400C1D3628D300BD35E7 /* QCMiaoBoUITests */ = {
			isa = PBXGroup;
			children = (
				D881400D1D3628D300BD35E7 /* QCMiaoBoUITests.m */,
				D881400F1D3628D300BD35E7 /* Info.plist */,
			);
			path = QCMiaoBoUITests;
			sourceTree = "<group>";
		};
		D881402D1D362A2B00BD35E7 /* Classes */ = {
			isa = PBXGroup;
			children = (
				D88140361D362A2B00BD35E7 /* Main */,
				D881402E1D362A2B00BD35E7 /* Home */,
				D88140321D362A2B00BD35E7 /* Live */,
				D88140371D362A2B00BD35E7 /* Mine */,
				D881403B1D362A2B00BD35E7 /* Other */,
				D881404B1D36324500BD35E7 /* Network */,
				D881406E1D36357E00BD35E7 /* Category */,
			);
			path = Classes;
			sourceTree = "<group>";
		};
		D881402E1D362A2B00BD35E7 /* Home */ = {
			isa = PBXGroup;
			children = (
				D881402F1D362A2B00BD35E7 /* Controller */,
				D88140301D362A2B00BD35E7 /* Model */,
				D88140311D362A2B00BD35E7 /* View */,
			);
			path = Home;
			sourceTree = "<group>";
		};
		D881402F1D362A2B00BD35E7 /* Controller */ = {
			isa = PBXGroup;
			children = (
				D88140421D362DD800BD35E7 /* QCHomeViewController.h */,
				D88140431D362DD800BD35E7 /* QCHomeViewController.m */,
				D8854D9B1D3CD0EA003F7C2B /* QCHotViewController.h */,
				D8854D9C1D3CD0EA003F7C2B /* QCHotViewController.m */,
				D891460B1D3DE733002C8455 /* QCWebViewController.h */,
				D891460C1D3DE733002C8455 /* QCWebViewController.m */,
				D8854DA11D3CD845003F7C2B /* QCNewViewController.h */,
				D8854DA21D3CD845003F7C2B /* QCNewViewController.m */,
				D8854DA41D3CD85B003F7C2B /* QCFollowViewController.h */,
				D8854DA51D3CD85B003F7C2B /* QCFollowViewController.m */,
				D86AB0271D372E8500124DC9 /* QCWatchLiveViewController.h */,
				D86AB0281D372E8500124DC9 /* QCWatchLiveViewController.m */,
			);
			path = Controller;
			sourceTree = "<group>";
		};
		D88140301D362A2B00BD35E7 /* Model */ = {
			isa = PBXGroup;
			children = (
				D83CA99D1D363F50000E718D /* QCAnchor.h */,
				D83CA99E1D363F50000E718D /* QCAnchor.m */,
				D89146051D3DE12D002C8455 /* QCAd.h */,
				D89146061D3DE12D002C8455 /* QCAd.m */,
				D82B19BE1D3E10E300BD9652 /* QCNewAnchor.h */,
				D82B19BF1D3E10E300BD9652 /* QCNewAnchor.m */,
			);
			path = Model;
			sourceTree = "<group>";
		};
		D88140311D362A2B00BD35E7 /* View */ = {
			isa = PBXGroup;
			children = (
				D83CA9A01D36451A000E718D /* QCHomeAnchorCell.h */,
				D83CA9A11D36451A000E718D /* QCHomeAnchorCell.m */,
				D8854D9E1D3CD19E003F7C2B /* QCSliderView.h */,
				D8854D9F1D3CD19E003F7C2B /* QCSliderView.m */,
				D82B19C11D3E135100BD9652 /* QCNewAnchorCell.h */,
				D82B19C21D3E135100BD9652 /* QCNewAnchorCell.m */,
			);
			path = View;
			sourceTree = "<group>";
		};
		D88140321D362A2B00BD35E7 /* Live */ = {
			isa = PBXGroup;
			children = (
				D88140331D362A2B00BD35E7 /* Controller */,
				D88140341D362A2B00BD35E7 /* Model */,
				D88140351D362A2B00BD35E7 /* View */,
			);
			path = Live;
			sourceTree = "<group>";
		};
		D88140331D362A2B00BD35E7 /* Controller */ = {
			isa = PBXGroup;
			children = (
				D88140451D362DE700BD35E7 /* QCLiveVIewController.h */,
				D88140461D362DE700BD35E7 /* QCLiveVIewController.m */,
			);
			path = Controller;
			sourceTree = "<group>";
		};
		D88140341D362A2B00BD35E7 /* Model */ = {
			isa = PBXGroup;
			children = (
			);
			path = Model;
			sourceTree = "<group>";
		};
		D88140351D362A2B00BD35E7 /* View */ = {
			isa = PBXGroup;
			children = (
			);
			path = View;
			sourceTree = "<group>";
		};
		D88140361D362A2B00BD35E7 /* Main */ = {
			isa = PBXGroup;
			children = (
				D881403C1D362C1000BD35E7 /* QCTabBarController.h */,
				D881403D1D362C1000BD35E7 /* QCTabBarController.m */,
				D881403F1D362C2300BD35E7 /* QCNavigationController.h */,
				D88140401D362C2300BD35E7 /* QCNavigationController.m */,
				D86AB02A1D372E9300124DC9 /* QCViewController.h */,
				D86AB02B1D372E9300124DC9 /* QCViewController.m */,
			);
			path = Main;
			sourceTree = "<group>";
		};
		D88140371D362A2B00BD35E7 /* Mine */ = {
			isa = PBXGroup;
			children = (
				D88140381D362A2B00BD35E7 /* Controller */,
				D88140391D362A2B00BD35E7 /* Model */,
				D881403A1D362A2B00BD35E7 /* View */,
			);
			path = Mine;
			sourceTree = "<group>";
		};
		D88140381D362A2B00BD35E7 /* Controller */ = {
			isa = PBXGroup;
			children = (
				D88140481D362DFC00BD35E7 /* QCMineViewController.h */,
				D88140491D362DFC00BD35E7 /* QCMineViewController.m */,
			);
			path = Controller;
			sourceTree = "<group>";
		};
		D88140391D362A2B00BD35E7 /* Model */ = {
			isa = PBXGroup;
			children = (
			);
			path = Model;
			sourceTree = "<group>";
		};
		D881403A1D362A2B00BD35E7 /* View */ = {
			isa = PBXGroup;
			children = (
			);
			path = View;
			sourceTree = "<group>";
		};
		D881403B1D362A2B00BD35E7 /* Other */ = {
			isa = PBXGroup;
			children = (
				D88140811D363DF300BD35E7 /* Log.m */,
				D86AB0261D3729A900124DC9 /* QCUtilsMacro.h */,
				D8854D951D3CC406003F7C2B /* QCTools.h */,
				D8854D961D3CC406003F7C2B /* QCTools.m */,
				D8854D981D3CC5D9003F7C2B /* UIView+Extend.h */,
				D8854D991D3CC5D9003F7C2B /* UIView+Extend.m */,
			);
			path = Other;
			sourceTree = "<group>";
		};
		D881404B1D36324500BD35E7 /* Network */ = {
			isa = PBXGroup;
			children = (
				D88140731D363C4E00BD35E7 /* NetwrokHandle */,
			);
			path = Network;
			sourceTree = "<group>";
		};
		D881406E1D36357E00BD35E7 /* Category */ = {
			isa = PBXGroup;
			children = (
				D881406F1D36359400BD35E7 /* MBProgressHUD */,
				D82B19B91D3E05FF00BD9652 /* UITabBarController+ShowHideBar.h */,
				D82B19BA1D3E05FF00BD9652 /* UITabBarController+ShowHideBar.m */,
			);
			path = Category;
			sourceTree = "<group>";
		};
		D881406F1D36359400BD35E7 /* MBProgressHUD */ = {
			isa = PBXGroup;
			children = (
				D88140701D36359400BD35E7 /* MBProgressHUD+Add.h */,
				D88140711D36359400BD35E7 /* MBProgressHUD+Add.m */,
			);
			path = MBProgressHUD;
			sourceTree = "<group>";
		};
		D88140731D363C4E00BD35E7 /* NetwrokHandle */ = {
			isa = PBXGroup;
			children = (
				D88140741D363C4E00BD35E7 /* MHAsiNetworkDefine.h */,
				D88140751D363C4E00BD35E7 /* MHAsiNetworkDelegate.h */,
				D88140761D363C4E00BD35E7 /* MHAsiNetworkHandler.h */,
				D88140771D363C4E00BD35E7 /* MHAsiNetworkHandler.m */,
				D88140781D363C4E00BD35E7 /* MHAsiNetworkItem.h */,
				D88140791D363C4E00BD35E7 /* MHAsiNetworkItem.m */,
				D881407A1D363C4E00BD35E7 /* MHAsiNetworkUrl.h */,
				D881407B1D363C4E00BD35E7 /* MHNetworkManager.h */,
				D881407C1D363C4E00BD35E7 /* MHNetworkManager.m */,
				D881407D1D363C4E00BD35E7 /* MHNetwrok.h */,
			);
			path = NetwrokHandle;
			sourceTree = "<group>";
		};
		FFDC7AB9A61F40CA37AFEB47 /* Pods */ = {
			isa = PBXGroup;
			children = (
				7CC8BBD6D901FA70D4BA0DF4 /* Pods.debug.xcconfig */,
				A0023310D7E8A68C0539B817 /* Pods.release.xcconfig */,
			);
			name = Pods;
			sourceTree = "<group>";
		};
/* End PBXGroup section */

/* Begin PBXNativeTarget section */
		D8813FE41D3628D300BD35E7 /* QCMiaoBo */ = {
			isa = PBXNativeTarget;
			buildConfigurationList = D88140121D3628D300BD35E7 /* Build configuration list for PBXNativeTarget "QCMiaoBo" */;
			buildPhases = (
				CD42A92A40EA6F000411A4BD /* Check Pods Manifest.lock */,
				D8813FE11D3628D300BD35E7 /* Sources */,
				D8813FE21D3628D300BD35E7 /* Frameworks */,
				D8813FE31D3628D300BD35E7 /* Resources */,
				6D1B511C2366B2DFD8A465E6 /* Embed Pods Frameworks */,
				9A3E27F1CC647130D4EE2C5F /* Copy Pods Resources */,
			);
			buildRules = (
			);
			dependencies = (
			);
			name = QCMiaoBo;
			productName = QCMiaoBo;
			productReference = D8813FE51D3628D300BD35E7 /* QCMiaoBo.app */;
			productType = "com.apple.product-type.application";
		};
		D8813FFD1D3628D300BD35E7 /* QCMiaoBoTests */ = {
			isa = PBXNativeTarget;
			buildConfigurationList = D88140151D3628D300BD35E7 /* Build configuration list for PBXNativeTarget "QCMiaoBoTests" */;
			buildPhases = (
				D8813FFA1D3628D300BD35E7 /* Sources */,
				D8813FFB1D3628D300BD35E7 /* Frameworks */,
				D8813FFC1D3628D300BD35E7 /* Resources */,
			);
			buildRules = (
			);
			dependencies = (
				D88140001D3628D300BD35E7 /* PBXTargetDependency */,
			);
			name = QCMiaoBoTests;
			productName = QCMiaoBoTests;
			productReference = D8813FFE1D3628D300BD35E7 /* QCMiaoBoTests.xctest */;
			productType = "com.apple.product-type.bundle.unit-test";
		};
		D88140081D3628D300BD35E7 /* QCMiaoBoUITests */ = {
			isa = PBXNativeTarget;
			buildConfigurationList = D88140181D3628D300BD35E7 /* Build configuration list for PBXNativeTarget "QCMiaoBoUITests" */;
			buildPhases = (
				D88140051D3628D300BD35E7 /* Sources */,
				D88140061D3628D300BD35E7 /* Frameworks */,
				D88140071D3628D300BD35E7 /* Resources */,
			);
			buildRules = (
			);
			dependencies = (
				D881400B1D3628D300BD35E7 /* PBXTargetDependency */,
			);
			name = QCMiaoBoUITests;
			productName = QCMiaoBoUITests;
			productReference = D88140091D3628D300BD35E7 /* QCMiaoBoUITests.xctest */;
			productType = "com.apple.product-type.bundle.ui-testing";
		};
/* End PBXNativeTarget section */

/* Begin PBXProject section */
		D8813FDD1D3628D300BD35E7 /* Project object */ = {
			isa = PBXProject;
			attributes = {
				LastUpgradeCheck = 0730;
				ORGANIZATIONNAME = Joe;
				TargetAttributes = {
					D8813FE41D3628D300BD35E7 = {
						CreatedOnToolsVersion = 7.3.1;
						DevelopmentTeam = 94BV5KL5KF;
					};
					D8813FFD1D3628D300BD35E7 = {
						CreatedOnToolsVersion = 7.3.1;
						TestTargetID = D8813FE41D3628D300BD35E7;
					};
					D88140081D3628D300BD35E7 = {
						CreatedOnToolsVersion = 7.3.1;
						TestTargetID = D8813FE41D3628D300BD35E7;
					};
				};
			};
			buildConfigurationList = D8813FE01D3628D300BD35E7 /* Build configuration list for PBXProject "QCMiaoBo" */;
			compatibilityVersion = "Xcode 3.2";
			developmentRegion = English;
			hasScannedForEncodings = 0;
			knownRegions = (
				en,
				Base,
			);
			mainGroup = D8813FDC1D3628D300BD35E7;
			productRefGroup = D8813FE61D3628D300BD35E7 /* Products */;
			projectDirPath = "";
			projectRoot = "";
			targets = (
				D8813FE41D3628D300BD35E7 /* QCMiaoBo */,
				D8813FFD1D3628D300BD35E7 /* QCMiaoBoTests */,
				D88140081D3628D300BD35E7 /* QCMiaoBoUITests */,
			);
		};
/* End PBXProject section */

/* Begin PBXResourcesBuildPhase section */
		D8813FE31D3628D300BD35E7 /* Resources */ = {
			isa = PBXResourcesBuildPhase;
			buildActionMask = 2147483647;
			files = (
				D86AB0251D3723FD00124DC9 /* Launch Screen.storyboard in Resources */,
				D86AB0231D37238900124DC9 /* Assets.xcassets in Resources */,
			);
			runOnlyForDeploymentPostprocessing = 0;
		};
		D8813FFC1D3628D300BD35E7 /* Resources */ = {
			isa = PBXResourcesBuildPhase;
			buildActionMask = 2147483647;
			files = (
			);
			runOnlyForDeploymentPostprocessing = 0;
		};
		D88140071D3628D300BD35E7 /* Resources */ = {
			isa = PBXResourcesBuildPhase;
			buildActionMask = 2147483647;
			files = (
			);
			runOnlyForDeploymentPostprocessing = 0;
		};
/* End PBXResourcesBuildPhase section */

/* Begin PBXShellScriptBuildPhase section */
		6D1B511C2366B2DFD8A465E6 /* Embed Pods Frameworks */ = {
			isa = PBXShellScriptBuildPhase;
			buildActionMask = 2147483647;
			files = (
			);
			inputPaths = (
			);
			name = "Embed Pods Frameworks";
			outputPaths = (
			);
			runOnlyForDeploymentPostprocessing = 0;
			shellPath = /bin/sh;
			shellScript = "\"${SRCROOT}/Pods/Target Support Files/Pods/Pods-frameworks.sh\"\n";
			showEnvVarsInLog = 0;
		};
		9A3E27F1CC647130D4EE2C5F /* Copy Pods Resources */ = {
			isa = PBXShellScriptBuildPhase;
			buildActionMask = 2147483647;
			files = (
			);
			inputPaths = (
			);
			name = "Copy Pods Resources";
			outputPaths = (
			);
			runOnlyForDeploymentPostprocessing = 0;
			shellPath = /bin/sh;
			shellScript = "\"${SRCROOT}/Pods/Target Support Files/Pods/Pods-resources.sh\"\n";
			showEnvVarsInLog = 0;
		};
		CD42A92A40EA6F000411A4BD /* Check Pods Manifest.lock */ = {
			isa = PBXShellScriptBuildPhase;
			buildActionMask = 2147483647;
			files = (
			);
			inputPaths = (
			);
			name = "Check Pods Manifest.lock";
			outputPaths = (
			);
			runOnlyForDeploymentPostprocessing = 0;
			shellPath = /bin/sh;
			shellScript = "diff \"${PODS_ROOT}/../Podfile.lock\" \"${PODS_ROOT}/Manifest.lock\" > /dev/null\nif [[ $? != 0 ]] ; then\n    cat << EOM\nerror: The sandbox is not in sync with the Podfile.lock. Run 'pod install' or update your CocoaPods installation.\nEOM\n    exit 1\nfi\n";
			showEnvVarsInLog = 0;
		};
/* End PBXShellScriptBuildPhase section */

/* Begin PBXSourcesBuildPhase section */
		D8813FE11D3628D300BD35E7 /* Sources */ = {
			isa = PBXSourcesBuildPhase;
			buildActionMask = 2147483647;
			files = (
				D86AB02C1D372E9300124DC9 /* QCViewController.m in Sources */,
				D82B19C31D3E135100BD9652 /* QCNewAnchorCell.m in Sources */,
				D8813FED1D3628D300BD35E7 /* AppDelegate.m in Sources */,
				D881404A1D362DFC00BD35E7 /* QCMineViewController.m in Sources */,
				D88140801D363C4E00BD35E7 /* MHNetworkManager.m in Sources */,
				D8813FEA1D3628D300BD35E7 /* main.m in Sources */,
				D86AB0291D372E8500124DC9 /* QCWatchLiveViewController.m in Sources */,
				D8854D971D3CC406003F7C2B /* QCTools.m in Sources */,
				D88140721D36359400BD35E7 /* MBProgressHUD+Add.m in Sources */,
				D881403E1D362C1000BD35E7 /* QCTabBarController.m in Sources */,
				D891460D1D3DE733002C8455 /* QCWebViewController.m in Sources */,
				D82B19BB1D3E05FF00BD9652 /* UITabBarController+ShowHideBar.m in Sources */,
				D8854DA31D3CD845003F7C2B /* QCNewViewController.m in Sources */,
				D88140821D363DF300BD35E7 /* Log.m in Sources */,
				D8854DA61D3CD85B003F7C2B /* QCFollowViewController.m in Sources */,
				D8854D9A1D3CC5D9003F7C2B /* UIView+Extend.m in Sources */,
				D82B19C01D3E10E300BD9652 /* QCNewAnchor.m in Sources */,
				D89146071D3DE12D002C8455 /* QCAd.m in Sources */,
				D88140441D362DD800BD35E7 /* QCHomeViewController.m in Sources */,
				D88140471D362DE700BD35E7 /* QCLiveVIewController.m in Sources */,
				D83CA9A21D36451A000E718D /* QCHomeAnchorCell.m in Sources */,
				D881407E1D363C4E00BD35E7 /* MHAsiNetworkHandler.m in Sources */,
				D881407F1D363C4E00BD35E7 /* MHAsiNetworkItem.m in Sources */,
				D88140411D362C2300BD35E7 /* QCNavigationController.m in Sources */,
				D83CA99F1D363F50000E718D /* QCAnchor.m in Sources */,
				D8854D9D1D3CD0EA003F7C2B /* QCHotViewController.m in Sources */,
				D8854DA01D3CD19E003F7C2B /* QCSliderView.m in Sources */,
			);
			runOnlyForDeploymentPostprocessing = 0;
		};
		D8813FFA1D3628D300BD35E7 /* Sources */ = {
			isa = PBXSourcesBuildPhase;
			buildActionMask = 2147483647;
			files = (
				D88140031D3628D300BD35E7 /* QCMiaoBoTests.m in Sources */,
			);
			runOnlyForDeploymentPostprocessing = 0;
		};
		D88140051D3628D300BD35E7 /* Sources */ = {
			isa = PBXSourcesBuildPhase;
			buildActionMask = 2147483647;
			files = (
				D881400E1D3628D300BD35E7 /* QCMiaoBoUITests.m in Sources */,
			);
			runOnlyForDeploymentPostprocessing = 0;
		};
/* End PBXSourcesBuildPhase section */

/* Begin PBXTargetDependency section */
		D88140001D3628D300BD35E7 /* PBXTargetDependency */ = {
			isa = PBXTargetDependency;
			target = D8813FE41D3628D300BD35E7 /* QCMiaoBo */;
			targetProxy = D8813FFF1D3628D300BD35E7 /* PBXContainerItemProxy */;
		};
		D881400B1D3628D300BD35E7 /* PBXTargetDependency */ = {
			isa = PBXTargetDependency;
			target = D8813FE41D3628D300BD35E7 /* QCMiaoBo */;
			targetProxy = D881400A1D3628D300BD35E7 /* PBXContainerItemProxy */;
		};
/* End PBXTargetDependency section */

/* Begin XCBuildConfiguration section */
		D88140101D3628D300BD35E7 /* Debug */ = {
			isa = XCBuildConfiguration;
			buildSettings = {
				ALWAYS_SEARCH_USER_PATHS = NO;
				CLANG_ANALYZER_NONNULL = YES;
				CLANG_CXX_LANGUAGE_STANDARD = "gnu++0x";
				CLANG_CXX_LIBRARY = "libc++";
				CLANG_ENABLE_MODULES = YES;
				CLANG_ENABLE_OBJC_ARC = YES;
				CLANG_WARN_BOOL_CONVERSION = YES;
				CLANG_WARN_CONSTANT_CONVERSION = YES;
				CLANG_WARN_DIRECT_OBJC_ISA_USAGE = YES_ERROR;
				CLANG_WARN_EMPTY_BODY = YES;
				CLANG_WARN_ENUM_CONVERSION = YES;
				CLANG_WARN_INT_CONVERSION = YES;
				CLANG_WARN_OBJC_ROOT_CLASS = YES_ERROR;
				CLANG_WARN_UNREACHABLE_CODE = YES;
				CLANG_WARN__DUPLICATE_METHOD_MATCH = YES;
				"CODE_SIGN_IDENTITY[sdk=iphoneos*]" = "iPhone Developer";
				COPY_PHASE_STRIP = NO;
				DEBUG_INFORMATION_FORMAT = dwarf;
				ENABLE_STRICT_OBJC_MSGSEND = YES;
				ENABLE_TESTABILITY = YES;
				GCC_C_LANGUAGE_STANDARD = gnu99;
				GCC_DYNAMIC_NO_PIC = NO;
				GCC_NO_COMMON_BLOCKS = YES;
				GCC_OPTIMIZATION_LEVEL = 0;
				GCC_PREPROCESSOR_DEFINITIONS = (
					"DEBUG=1",
					"$(inherited)",
				);
				GCC_WARN_64_TO_32_BIT_CONVERSION = YES;
				GCC_WARN_ABOUT_RETURN_TYPE = YES_ERROR;
				GCC_WARN_UNDECLARED_SELECTOR = YES;
				GCC_WARN_UNINITIALIZED_AUTOS = YES_AGGRESSIVE;
				GCC_WARN_UNUSED_FUNCTION = YES;
				GCC_WARN_UNUSED_VARIABLE = YES;
				IPHONEOS_DEPLOYMENT_TARGET = 9.3;
				MTL_ENABLE_DEBUG_INFO = YES;
				ONLY_ACTIVE_ARCH = YES;
				SDKROOT = iphoneos;
			};
			name = Debug;
		};
		D88140111D3628D300BD35E7 /* Release */ = {
			isa = XCBuildConfiguration;
			buildSettings = {
				ALWAYS_SEARCH_USER_PATHS = NO;
				CLANG_ANALYZER_NONNULL = YES;
				CLANG_CXX_LANGUAGE_STANDARD = "gnu++0x";
				CLANG_CXX_LIBRARY = "libc++";
				CLANG_ENABLE_MODULES = YES;
				CLANG_ENABLE_OBJC_ARC = YES;
				CLANG_WARN_BOOL_CONVERSION = YES;
				CLANG_WARN_CONSTANT_CONVERSION = YES;
				CLANG_WARN_DIRECT_OBJC_ISA_USAGE = YES_ERROR;
				CLANG_WARN_EMPTY_BODY = YES;
				CLANG_WARN_ENUM_CONVERSION = YES;
				CLANG_WARN_INT_CONVERSION = YES;
				CLANG_WARN_OBJC_ROOT_CLASS = YES_ERROR;
				CLANG_WARN_UNREACHABLE_CODE = YES;
				CLANG_WARN__DUPLICATE_METHOD_MATCH = YES;
				"CODE_SIGN_IDENTITY[sdk=iphoneos*]" = "iPhone Developer";
				COPY_PHASE_STRIP = NO;
				DEBUG_INFORMATION_FORMAT = "dwarf-with-dsym";
				ENABLE_NS_ASSERTIONS = NO;
				ENABLE_STRICT_OBJC_MSGSEND = YES;
				GCC_C_LANGUAGE_STANDARD = gnu99;
				GCC_NO_COMMON_BLOCKS = YES;
				GCC_WARN_64_TO_32_BIT_CONVERSION = YES;
				GCC_WARN_ABOUT_RETURN_TYPE = YES_ERROR;
				GCC_WARN_UNDECLARED_SELECTOR = YES;
				GCC_WARN_UNINITIALIZED_AUTOS = YES_AGGRESSIVE;
				GCC_WARN_UNUSED_FUNCTION = YES;
				GCC_WARN_UNUSED_VARIABLE = YES;
				IPHONEOS_DEPLOYMENT_TARGET = 9.3;
				MTL_ENABLE_DEBUG_INFO = NO;
				SDKROOT = iphoneos;
				VALIDATE_PRODUCT = YES;
			};
			name = Release;
		};
		D88140131D3628D300BD35E7 /* Debug */ = {
			isa = XCBuildConfiguration;
			baseConfigurationReference = 7CC8BBD6D901FA70D4BA0DF4 /* Pods.debug.xcconfig */;
			buildSettings = {
				ASSETCATALOG_COMPILER_APPICON_NAME = AppIcon;
				CODE_SIGN_IDENTITY = "iPhone Developer";
				"CODE_SIGN_IDENTITY[sdk=iphoneos*]" = "iPhone Developer";
				FRAMEWORK_SEARCH_PATHS = (
					"$(inherited)",
					"$(PROJECT_DIR)",
				);
				INFOPLIST_FILE = QCMiaoBo/Info.plist;
				IPHONEOS_DEPLOYMENT_TARGET = 8.0;
				LD_RUNPATH_SEARCH_PATHS = "$(inherited) @executable_path/Frameworks";
				PRODUCT_BUNDLE_IDENTIFIER = cn.joesir.www.QCMiaoBo;
				PRODUCT_NAME = "$(TARGET_NAME)";
				PROVISIONING_PROFILE = "";
			};
			name = Debug;
		};
		D88140141D3628D300BD35E7 /* Release */ = {
			isa = XCBuildConfiguration;
			baseConfigurationReference = A0023310D7E8A68C0539B817 /* Pods.release.xcconfig */;
			buildSettings = {
				ASSETCATALOG_COMPILER_APPICON_NAME = AppIcon;
				CODE_SIGN_IDENTITY = "iPhone Developer";
				"CODE_SIGN_IDENTITY[sdk=iphoneos*]" = "iPhone Developer";
				FRAMEWORK_SEARCH_PATHS = (
					"$(inherited)",
					"$(PROJECT_DIR)",
				);
				INFOPLIST_FILE = QCMiaoBo/Info.plist;
				IPHONEOS_DEPLOYMENT_TARGET = 8.0;
				LD_RUNPATH_SEARCH_PATHS = "$(inherited) @executable_path/Frameworks";
				PRODUCT_BUNDLE_IDENTIFIER = cn.joesir.www.QCMiaoBo;
				PRODUCT_NAME = "$(TARGET_NAME)";
				PROVISIONING_PROFILE = "";
			};
			name = Release;
		};
		D88140161D3628D300BD35E7 /* Debug */ = {
			isa = XCBuildConfiguration;
			buildSettings = {
				BUNDLE_LOADER = "$(TEST_HOST)";
				INFOPLIST_FILE = QCMiaoBoTests/Info.plist;
				LD_RUNPATH_SEARCH_PATHS = "$(inherited) @executable_path/Frameworks @loader_path/Frameworks";
				PRODUCT_BUNDLE_IDENTIFIER = cn.joesir.www.QCMiaoBoTests;
				PRODUCT_NAME = "$(TARGET_NAME)";
				TEST_HOST = "$(BUILT_PRODUCTS_DIR)/QCMiaoBo.app/QCMiaoBo";
			};
			name = Debug;
		};
		D88140171D3628D300BD35E7 /* Release */ = {
			isa = XCBuildConfiguration;
			buildSettings = {
				BUNDLE_LOADER = "$(TEST_HOST)";
				INFOPLIST_FILE = QCMiaoBoTests/Info.plist;
				LD_RUNPATH_SEARCH_PATHS = "$(inherited) @executable_path/Frameworks @loader_path/Frameworks";
				PRODUCT_BUNDLE_IDENTIFIER = cn.joesir.www.QCMiaoBoTests;
				PRODUCT_NAME = "$(TARGET_NAME)";
				TEST_HOST = "$(BUILT_PRODUCTS_DIR)/QCMiaoBo.app/QCMiaoBo";
			};
			name = Release;
		};
		D88140191D3628D300BD35E7 /* Debug */ = {
			isa = XCBuildConfiguration;
			buildSettings = {
				INFOPLIST_FILE = QCMiaoBoUITests/Info.plist;
				LD_RUNPATH_SEARCH_PATHS = "$(inherited) @executable_path/Frameworks @loader_path/Frameworks";
				PRODUCT_BUNDLE_IDENTIFIER = cn.joesir.www.QCMiaoBoUITests;
				PRODUCT_NAME = "$(TARGET_NAME)";
				TEST_TARGET_NAME = QCMiaoBo;
			};
			name = Debug;
		};
		D881401A1D3628D300BD35E7 /* Release */ = {
			isa = XCBuildConfiguration;
			buildSettings = {
				INFOPLIST_FILE = QCMiaoBoUITests/Info.plist;
				LD_RUNPATH_SEARCH_PATHS = "$(inherited) @executable_path/Frameworks @loader_path/Frameworks";
				PRODUCT_BUNDLE_IDENTIFIER = cn.joesir.www.QCMiaoBoUITests;
				PRODUCT_NAME = "$(TARGET_NAME)";
				TEST_TARGET_NAME = QCMiaoBo;
			};
			name = Release;
		};
/* End XCBuildConfiguration section */

/* Begin XCConfigurationList section */
		D8813FE01D3628D300BD35E7 /* Build configuration list for PBXProject "QCMiaoBo" */ = {
			isa = XCConfigurationList;
			buildConfigurations = (
				D88140101D3628D300BD35E7 /* Debug */,
				D88140111D3628D300BD35E7 /* Release */,
			);
			defaultConfigurationIsVisible = 0;
			defaultConfigurationName = Release;
		};
		D88140121D3628D300BD35E7 /* Build configuration list for PBXNativeTarget "QCMiaoBo" */ = {
			isa = XCConfigurationList;
			buildConfigurations = (
				D88140131D3628D300BD35E7 /* Debug */,
				D88140141D3628D300BD35E7 /* Release */,
			);
			defaultConfigurationIsVisible = 0;
			defaultConfigurationName = Release;
		};
		D88140151D3628D300BD35E7 /* Build configuration list for PBXNativeTarget "QCMiaoBoTests" */ = {
			isa = XCConfigurationList;
			buildConfigurations = (
				D88140161D3628D300BD35E7 /* Debug */,
				D88140171D3628D300BD35E7 /* Release */,
			);
			defaultConfigurationIsVisible = 0;
			defaultConfigurationName = Release;
		};
		D88140181D3628D300BD35E7 /* Build configuration list for PBXNativeTarget "QCMiaoBoUITests" */ = {
			isa = XCConfigurationList;
			buildConfigurations = (
				D88140191D3628D300BD35E7 /* Debug */,
				D881401A1D3628D300BD35E7 /* Release */,
			);
			defaultConfigurationIsVisible = 0;
			defaultConfigurationName = Release;
		};
/* End XCConfigurationList section */
	};
	rootObject = D8813FDD1D3628D300BD35E7 /* Project object */;
}
